
Microsoft Visual Studio Solution File, Format Version 11.00
# Visual Studio 2010
Project("{FAE04EC0-301F-11D3-BF4B-00C04F79EFBC}") = "WebAPI", "WebAPI\WebAPI.csproj", "{CF145CFE-2D7E-4718-BF4E-4A2EC76AA1AD}"
EndProject
Project("{FAE04EC0-301F-11D3-BF4B-00C04F79EFBC}") = "PhoneApp", "PhoneApp\PhoneApp.csproj", "{6F21CFBE-9FB0-4075-817A-EAC6E694FFDF}"
EndProject
Global
	GlobalSection(SolutionConfigurationPlatforms) = preSolution
		Debug|Any CPU = Debug|Any CPU
		Release|Any CPU = Release|Any CPU
	EndGlobalSection
	GlobalSection(ProjectConfigurationPlatforms) = postSolution
		{CF145CFE-2D7E-4718-BF4E-4A2EC76AA1AD}.Debug|Any CPU.ActiveCfg = Debug|Any CPU
		{CF145CFE-2D7E-4718-BF4E-4A2EC76AA1AD}.Debug|Any CPU.Build.0 = Debug|Any CPU
		{CF145CFE-2D7E-4718-BF4E-4A2EC76AA1AD}.Release|Any CPU.ActiveCfg = Release|Any CPU
		{CF145CFE-2D7E-4718-BF4E-4A2EC76AA1AD}.Release|Any CPU.Build.0 = Release|Any CPU
		{6F21CFBE-9FB0-4075-817A-EAC6E694FFDF}.Debug|Any CPU.ActiveCfg = Debug|Any CPU
		{6F21CFBE-9FB0-4075-817A-EAC6E694FFDF}.Debug|Any CPU.Build.0 = Debug|Any CPU
		{6F21CFBE-9FB0-4075-817A-EAC6E694FFDF}.Debug|Any CPU.Deploy.0 = Debug|Any CPU
		{6F21CFBE-9FB0-4075-817A-EAC6E694FFDF}.Release|Any CPU.ActiveCfg = Release|Any CPU
		{6F21CFBE-9FB0-4075-817A-EAC6E694FFDF}.Release|Any CPU.Build.0 = Release|Any CPU
		{6F21CFBE-9FB0-4075-817A-EAC6E694FFDF}.Release|Any CPU.Deploy.0 = Release|Any CPU
	EndGlobalSection
	GlobalSection(SolutionProperties) = preSolution
		HideSolutionNode = FALSE
	EndGlobalSection
EndGlobal
